
Microsoft Visual Studio Solution File, Format Version 12.00
Project("{FAE04EC0-301F-11D3-BF4B-00C04F79EFBC}") = "AiSetupCli", "src\AiSetupCli\AiSetupCli.csproj", "{603B22D2-115C-4078-8201-E98614264300}"
EndProject
Project("{2150E333-8FDC-42A3-9474-1A3956D46DE8}") = "src", "src", "{5363A640-D11F-4005-82B4-9EDE1B28581E}"
EndProject
Project("{FAE04EC0-301F-11D3-BF4B-00C04F79EFBC}") = "AiSetupLib", "src\AiSetupLib\AiSetupLib.csproj", "{DC4A8D95-AE4B-446F-8593-322ABCE54987}"
EndProject
Project("{2150E333-8FDC-42A3-9474-1A3956D46DE8}") = "tests", "tests", "{0AB3BF05-4346-4AA6-1389-037BE0695223}"
EndProject
Project("{FAE04EC0-301F-11D3-BF4B-00C04F79EFBC}") = "AiSetupLib.Tests", "tests\AiSetupLib.Tests\AiSetupLib.Tests.csproj", "{4794A2BF-8CCD-4809-949B-DAF757B50532}"
EndProject
Global
	GlobalSection(SolutionConfigurationPlatforms) = preSolution
		Debug|Any CPU = Debug|Any CPU
		Debug|x64 = Debug|x64
		Debug|x86 = Debug|x86
		Release|Any CPU = Release|Any CPU
		Release|x64 = Release|x64
		Release|x86 = Release|x86
	EndGlobalSection
	GlobalSection(ProjectConfigurationPlatforms) = postSolution
		{603B22D2-115C-4078-8201-E98614264300}.Debug|Any CPU.ActiveCfg = Debug|Any CPU
		{603B22D2-115C-4078-8201-E98614264300}.Debug|Any CPU.Build.0 = Debug|Any CPU
		{603B22D2-115C-4078-8201-E98614264300}.Debug|x64.ActiveCfg = Debug|Any CPU
		{603B22D2-115C-4078-8201-E98614264300}.Debug|x64.Build.0 = Debug|Any CPU
		{603B22D2-115C-4078-8201-E98614264300}.Debug|x86.ActiveCfg = Debug|Any CPU
		{603B22D2-115C-4078-8201-E98614264300}.Debug|x86.Build.0 = Debug|Any CPU
		{603B22D2-115C-4078-8201-E98614264300}.Release|Any CPU.ActiveCfg = Release|Any CPU
		{603B22D2-115C-4078-8201-E98614264300}.Release|Any CPU.Build.0 = Release|Any CPU
		{603B22D2-115C-4078-8201-E98614264300}.Release|x64.ActiveCfg = Release|Any CPU
		{603B22D2-115C-4078-8201-E98614264300}.Release|x64.Build.0 = Release|Any CPU
		{603B22D2-115C-4078-8201-E98614264300}.Release|x86.ActiveCfg = Release|Any CPU
		{603B22D2-115C-4078-8201-E98614264300}.Release|x86.Build.0 = Release|Any CPU
		{DC4A8D95-AE4B-446F-8593-322ABCE54987}.Debug|Any CPU.ActiveCfg = Debug|Any CPU
		{DC4A8D95-AE4B-446F-8593-322ABCE54987}.Debug|Any CPU.Build.0 = Debug|Any CPU
		{DC4A8D95-AE4B-446F-8593-322ABCE54987}.Debug|x64.ActiveCfg = Debug|Any CPU
		{DC4A8D95-AE4B-446F-8593-322ABCE54987}.Debug|x64.Build.0 = Debug|Any CPU
		{DC4A8D95-AE4B-446F-8593-322ABCE54987}.Debug|x86.ActiveCfg = Debug|Any CPU
		{DC4A8D95-AE4B-446F-8593-322ABCE54987}.Debug|x86.Build.0 = Debug|Any CPU
		{DC4A8D95-AE4B-446F-8593-322ABCE54987}.Release|Any CPU.ActiveCfg = Release|Any CPU
		{DC4A8D95-AE4B-446F-8593-322ABCE54987}.Release|Any CPU.Build.0 = Release|Any CPU
		{DC4A8D95-AE4B-446F-8593-322ABCE54987}.Release|x64.ActiveCfg = Release|Any CPU
		{DC4A8D95-AE4B-446F-8593-322ABCE54987}.Release|x64.Build.0 = Release|Any CPU
		{DC4A8D95-AE4B-446F-8593-322ABCE54987}.Release|x86.ActiveCfg = Release|Any CPU
		{DC4A8D95-AE4B-446F-8593-322ABCE54987}.Release|x86.Build.0 = Release|Any CPU
		{4794A2BF-8CCD-4809-949B-DAF757B50532}.Debug|Any CPU.ActiveCfg = Debug|Any CPU
		{4794A2BF-8CCD-4809-949B-DAF757B50532}.Debug|Any CPU.Build.0 = Debug|Any CPU
		{4794A2BF-8CCD-4809-949B-DAF757B50532}.Debug|x64.ActiveCfg = Debug|Any CPU
		{4794A2BF-8CCD-4809-949B-DAF757B50532}.Debug|x64.Build.0 = Debug|Any CPU
		{4794A2BF-8CCD-4809-949B-DAF757B50532}.Debug|x86.ActiveCfg = Debug|Any CPU
		{4794A2BF-8CCD-4809-949B-DAF757B50532}.Debug|x86.Build.0 = Debug|Any CPU
		{4794A2BF-8CCD-4809-949B-DAF757B50532}.Release|Any CPU.ActiveCfg = Release|Any CPU
		{4794A2BF-8CCD-4809-949B-DAF757B50532}.Release|Any CPU.Build.0 = Release|Any CPU
		{4794A2BF-8CCD-4809-949B-DAF757B50532}.Release|x64.ActiveCfg = Release|Any CPU
		{4794A2BF-8CCD-4809-949B-DAF757B50532}.Release|x64.Build.0 = Release|Any CPU
		{4794A2BF-8CCD-4809-949B-DAF757B50532}.Release|x86.ActiveCfg = Release|Any CPU
		{4794A2BF-8CCD-4809-949B-DAF757B50532}.Release|x86.Build.0 = Release|Any CPU
	EndGlobalSection
	GlobalSection(SolutionProperties) = preSolution
		HideSolutionNode = FALSE
	EndGlobalSection
	GlobalSection(NestedProjects) = preSolution
		{603B22D2-115C-4078-8201-E98614264300} = {5363A640-D11F-4005-82B4-9EDE1B28581E}
		{DC4A8D95-AE4B-446F-8593-322ABCE54987} = {5363A640-D11F-4005-82B4-9EDE1B28581E}
		{4794A2BF-8CCD-4809-949B-DAF757B50532} = {0AB3BF05-4346-4AA6-1389-037BE0695223}
	EndGlobalSection
EndGlobal
